
Microsoft Visual Studio Solution File, Format Version 12.00
# Visual Studio Version 17
VisualStudioVersion = 17.2.32516.85
MinimumVisualStudioVersion = 10.0.40219.1
Project("{8BC9CEB8-8B4A-11D0-8D11-00A0C91BC942}") = "P8", "P8\P8.vcxproj", "{072302DA-5580-4962-80F2-191D2DF1D25C}"
EndProject
Project("{8BC9CEB8-8B4A-11D0-8D11-00A0C91BC942}") = "P9", "P9\P9.vcxproj", "{29E9577E-59CB-416E-A21B-3BD48251A0AA}"
EndProject
Project("{8BC9CEB8-8B4A-11D0-8D11-00A0C91BC942}") = "P10", "P10\P10.vcxproj", "{93AF91BF-8941-4E55-8592-08B6007E8523}"
EndProject
Project("{8BC9CEB8-8B4A-11D0-8D11-00A0C91BC942}") = "P11-12", "P11\P11.vcxproj", "{ED824884-E655-4AAE-8E68-4C724B728C36}"
EndProject
Project("{8BC9CEB8-8B4A-11D0-8D11-00A0C91BC942}") = "P13-14_数组", "P13-14_数组\P13-14_数组.vcxproj", "{D66E9394-502C-44A9-80B1-A4817B388704}"
EndProject
Global
	GlobalSection(SolutionConfigurationPlatforms) = preSolution
		Debug|x64 = Debug|x64
		Debug|x86 = Debug|x86
		Release|x64 = Release|x64
		Release|x86 = Release|x86
	EndGlobalSection
	GlobalSection(ProjectConfigurationPlatforms) = postSolution
		{072302DA-5580-4962-80F2-191D2DF1D25C}.Debug|x64.ActiveCfg = Debug|x64
		{072302DA-5580-4962-80F2-191D2DF1D25C}.Debug|x64.Build.0 = Debug|x64
		{072302DA-5580-4962-80F2-191D2DF1D25C}.Debug|x86.ActiveCfg = Debug|Win32
		{072302DA-5580-4962-80F2-191D2DF1D25C}.Debug|x86.Build.0 = Debug|Win32
		{072302DA-5580-4962-80F2-191D2DF1D25C}.Release|x64.ActiveCfg = Release|x64
		{072302DA-5580-4962-80F2-191D2DF1D25C}.Release|x64.Build.0 = Release|x64
		{072302DA-5580-4962-80F2-191D2DF1D25C}.Release|x86.ActiveCfg = Release|Win32
		{072302DA-5580-4962-80F2-191D2DF1D25C}.Release|x86.Build.0 = Release|Win32
		{29E9577E-59CB-416E-A21B-3BD48251A0AA}.Debug|x64.ActiveCfg = Debug|x64
		{29E9577E-59CB-416E-A21B-3BD48251A0AA}.Debug|x64.Build.0 = Debug|x64
		{29E9577E-59CB-416E-A21B-3BD48251A0AA}.Debug|x86.ActiveCfg = Debug|Win32
		{29E9577E-59CB-416E-A21B-3BD48251A0AA}.Debug|x86.Build.0 = Debug|Win32
		{29E9577E-59CB-416E-A21B-3BD48251A0AA}.Release|x64.ActiveCfg = Release|x64
		{29E9577E-59CB-416E-A21B-3BD48251A0AA}.Release|x64.Build.0 = Release|x64
		{29E9577E-59CB-416E-A21B-3BD48251A0AA}.Release|x86.ActiveCfg = Release|Win32
		{29E9577E-59CB-416E-A21B-3BD48251A0AA}.Release|x86.Build.0 = Release|Win32
		{93AF91BF-8941-4E55-8592-08B6007E8523}.Debug|x64.ActiveCfg = Debug|x64
		{93AF91BF-8941-4E55-8592-08B6007E8523}.Debug|x64.Build.0 = Debug|x64
		{93AF91BF-8941-4E55-8592-08B6007E8523}.Debug|x86.ActiveCfg = Debug|Win32
		{93AF91BF-8941-4E55-8592-08B6007E8523}.Debug|x86.Build.0 = Debug|Win32
		{93AF91BF-8941-4E55-8592-08B6007E8523}.Release|x64.ActiveCfg = Release|x64
		{93AF91BF-8941-4E55-8592-08B6007E8523}.Release|x64.Build.0 = Release|x64
		{93AF91BF-8941-4E55-8592-08B6007E8523}.Release|x86.ActiveCfg = Release|Win32
		{93AF91BF-8941-4E55-8592-08B6007E8523}.Release|x86.Build.0 = Release|Win32
		{ED824884-E655-4AAE-8E68-4C724B728C36}.Debug|x64.ActiveCfg = Debug|x64
		{ED824884-E655-4AAE-8E68-4C724B728C36}.Debug|x64.Build.0 = Debug|x64
		{ED824884-E655-4AAE-8E68-4C724B728C36}.Debug|x86.ActiveCfg = Debug|Win32
		{ED824884-E655-4AAE-8E68-4C724B728C36}.Debug|x86.Build.0 = Debug|Win32
		{ED824884-E655-4AAE-8E68-4C724B728C36}.Release|x64.ActiveCfg = Release|x64
		{ED824884-E655-4AAE-8E68-4C724B728C36}.Release|x64.Build.0 = Release|x64
		{ED824884-E655-4AAE-8E68-4C724B728C36}.Release|x86.ActiveCfg = Release|Win32
		{ED824884-E655-4AAE-8E68-4C724B728C36}.Release|x86.Build.0 = Release|Win32
		{D66E9394-502C-44A9-80B1-A4817B388704}.Debug|x64.ActiveCfg = Debug|x64
		{D66E9394-502C-44A9-80B1-A4817B388704}.Debug|x64.Build.0 = Debug|x64
		{D66E9394-502C-44A9-80B1-A4817B388704}.Debug|x86.ActiveCfg = Debug|Win32
		{D66E9394-502C-44A9-80B1-A4817B388704}.Debug|x86.Build.0 = Debug|Win32
		{D66E9394-502C-44A9-80B1-A4817B388704}.Release|x64.ActiveCfg = Release|x64
		{D66E9394-502C-44A9-80B1-A4817B388704}.Release|x64.Build.0 = Release|x64
		{D66E9394-502C-44A9-80B1-A4817B388704}.Release|x86.ActiveCfg = Release|Win32
		{D66E9394-502C-44A9-80B1-A4817B388704}.Release|x86.Build.0 = Release|Win32
	EndGlobalSection
	GlobalSection(SolutionProperties) = preSolution
		HideSolutionNode = FALSE
	EndGlobalSection
	GlobalSection(ExtensibilityGlobals) = postSolution
		SolutionGuid = {BD8BDA08-73C6-4A4C-B496-9932EDB6907E}
	EndGlobalSection
EndGlobal
